
Microsoft Visual Studio Solution File, Format Version 12.00
# Visual Studio Version 17
VisualStudioVersion = 17.0.32014.148
MinimumVisualStudioVersion = 10.0.40219.1
Project("{9A19103F-16F7-4668-BE54-9A1E7A4F7556}") = "TestEng", "TestEng\TestEng.csproj", "{148C6E87-5D46-4612-99AB-BD739D0754D7}"
EndProject
Project("{9A19103F-16F7-4668-BE54-9A1E7A4F7556}") = "TestEngTests", "TestEngTests\TestEngTests.csproj", "{DC2E31E9-1FAF-444E-8DA0-F8A8A8B35942}"
EndProject
Project("{9A19103F-16F7-4668-BE54-9A1E7A4F7556}") = "TestEng.AppServices", "TestEng.AppServices\TestEng.AppServices.csproj", "{850C3404-8428-45E8-B881-35C70B4DC033}"
EndProject
Project("{9A19103F-16F7-4668-BE54-9A1E7A4F7556}") = "TestEng.Data", "TestEng.Data\TestEng.Data.csproj", "{F5D3C640-701D-4E42-8764-4AB2379490D5}"
EndProject
Project("{9A19103F-16F7-4668-BE54-9A1E7A4F7556}") = "TestEng.Entities", "TestEng.Entities\TestEng.Entities.csproj", "{AAE81F53-55D7-42D1-934A-B5E085356034}"
EndProject
Project("{FAE04EC0-301F-11D3-BF4B-00C04F79EFBC}") = "TestEng.AppServices.Abstractions", "TestEng.AppServices.Abstractions\TestEng.AppServices.Abstractions.csproj", "{F35C657A-BB51-48C7-87B5-6B4266A81D00}"
EndProject
Global
	GlobalSection(SolutionConfigurationPlatforms) = preSolution
		Debug|Any CPU = Debug|Any CPU
		Release|Any CPU = Release|Any CPU
	EndGlobalSection
	GlobalSection(ProjectConfigurationPlatforms) = postSolution
		{148C6E87-5D46-4612-99AB-BD739D0754D7}.Debug|Any CPU.ActiveCfg = Debug|Any CPU
		{148C6E87-5D46-4612-99AB-BD739D0754D7}.Debug|Any CPU.Build.0 = Debug|Any CPU
		{148C6E87-5D46-4612-99AB-BD739D0754D7}.Release|Any CPU.ActiveCfg = Release|Any CPU
		{148C6E87-5D46-4612-99AB-BD739D0754D7}.Release|Any CPU.Build.0 = Release|Any CPU
		{DC2E31E9-1FAF-444E-8DA0-F8A8A8B35942}.Debug|Any CPU.ActiveCfg = Debug|Any CPU
		{DC2E31E9-1FAF-444E-8DA0-F8A8A8B35942}.Debug|Any CPU.Build.0 = Debug|Any CPU
		{DC2E31E9-1FAF-444E-8DA0-F8A8A8B35942}.Release|Any CPU.ActiveCfg = Release|Any CPU
		{DC2E31E9-1FAF-444E-8DA0-F8A8A8B35942}.Release|Any CPU.Build.0 = Release|Any CPU
		{850C3404-8428-45E8-B881-35C70B4DC033}.Debug|Any CPU.ActiveCfg = Debug|Any CPU
		{850C3404-8428-45E8-B881-35C70B4DC033}.Debug|Any CPU.Build.0 = Debug|Any CPU
		{850C3404-8428-45E8-B881-35C70B4DC033}.Release|Any CPU.ActiveCfg = Release|Any CPU
		{850C3404-8428-45E8-B881-35C70B4DC033}.Release|Any CPU.Build.0 = Release|Any CPU
		{F5D3C640-701D-4E42-8764-4AB2379490D5}.Debug|Any CPU.ActiveCfg = Debug|Any CPU
		{F5D3C640-701D-4E42-8764-4AB2379490D5}.Debug|Any CPU.Build.0 = Debug|Any CPU
		{F5D3C640-701D-4E42-8764-4AB2379490D5}.Release|Any CPU.ActiveCfg = Release|Any CPU
		{F5D3C640-701D-4E42-8764-4AB2379490D5}.Release|Any CPU.Build.0 = Release|Any CPU
		{AAE81F53-55D7-42D1-934A-B5E085356034}.Debug|Any CPU.ActiveCfg = Debug|Any CPU
		{AAE81F53-55D7-42D1-934A-B5E085356034}.Debug|Any CPU.Build.0 = Debug|Any CPU
		{AAE81F53-55D7-42D1-934A-B5E085356034}.Release|Any CPU.ActiveCfg = Release|Any CPU
		{AAE81F53-55D7-42D1-934A-B5E085356034}.Release|Any CPU.Build.0 = Release|Any CPU
		{F35C657A-BB51-48C7-87B5-6B4266A81D00}.Debug|Any CPU.ActiveCfg = Debug|Any CPU
		{F35C657A-BB51-48C7-87B5-6B4266A81D00}.Debug|Any CPU.Build.0 = Debug|Any CPU
		{F35C657A-BB51-48C7-87B5-6B4266A81D00}.Release|Any CPU.ActiveCfg = Release|Any CPU
		{F35C657A-BB51-48C7-87B5-6B4266A81D00}.Release|Any CPU.Build.0 = Release|Any CPU
	EndGlobalSection
	GlobalSection(SolutionProperties) = preSolution
		HideSolutionNode = FALSE
	EndGlobalSection
	GlobalSection(ExtensibilityGlobals) = postSolution
		SolutionGuid = {68BEA036-7125-4458-AF34-A992A3F99882}
	EndGlobalSection
EndGlobal
